
Microsoft Visual Studio Solution File, Format Version 12.00
# Visual Studio Version 16
VisualStudioVersion = 16.0.31613.86
MinimumVisualStudioVersion = 10.0.40219.1
Project("{9A19103F-16F7-4668-BE54-9A1E7A4F7556}") = "BulkyBook.Models", "BulkyBook.Models\BulkyBook.Models.csproj", "{C3BDF259-9EFB-43A5-A23C-3B2635679849}"
EndProject
Project("{9A19103F-16F7-4668-BE54-9A1E7A4F7556}") = "BulkyBook.Utility", "BulkyBook.Utility\BulkyBook.Utility.csproj", "{8CFAD276-A9FD-482B-B91C-DB465C68209C}"
EndProject
Project("{9A19103F-16F7-4668-BE54-9A1E7A4F7556}") = "BulkyBook.DataAccess", "BulkyBook.DataAccess\BulkyBook.DataAccess.csproj", "{0CC5C3A7-8755-41EC-8CD8-AC86D0AD20E4}"
EndProject
Project("{9A19103F-16F7-4668-BE54-9A1E7A4F7556}") = "BulkyBooks", "BulkyBooks\BulkyBooks.csproj", "{6D6E9341-5ABD-48C3-997F-EC2E02F9CEB6}"
EndProject
Global
	GlobalSection(SolutionConfigurationPlatforms) = preSolution
		Debug|Any CPU = Debug|Any CPU
		Release|Any CPU = Release|Any CPU
	EndGlobalSection
	GlobalSection(ProjectConfigurationPlatforms) = postSolution
		{C3BDF259-9EFB-43A5-A23C-3B2635679849}.Debug|Any CPU.ActiveCfg = Debug|Any CPU
		{C3BDF259-9EFB-43A5-A23C-3B2635679849}.Debug|Any CPU.Build.0 = Debug|Any CPU
		{C3BDF259-9EFB-43A5-A23C-3B2635679849}.Release|Any CPU.ActiveCfg = Release|Any CPU
		{C3BDF259-9EFB-43A5-A23C-3B2635679849}.Release|Any CPU.Build.0 = Release|Any CPU
		{8CFAD276-A9FD-482B-B91C-DB465C68209C}.Debug|Any CPU.ActiveCfg = Debug|Any CPU
		{8CFAD276-A9FD-482B-B91C-DB465C68209C}.Debug|Any CPU.Build.0 = Debug|Any CPU
		{8CFAD276-A9FD-482B-B91C-DB465C68209C}.Release|Any CPU.ActiveCfg = Release|Any CPU
		{8CFAD276-A9FD-482B-B91C-DB465C68209C}.Release|Any CPU.Build.0 = Release|Any CPU
		{0CC5C3A7-8755-41EC-8CD8-AC86D0AD20E4}.Debug|Any CPU.ActiveCfg = Debug|Any CPU
		{0CC5C3A7-8755-41EC-8CD8-AC86D0AD20E4}.Debug|Any CPU.Build.0 = Debug|Any CPU
		{0CC5C3A7-8755-41EC-8CD8-AC86D0AD20E4}.Release|Any CPU.ActiveCfg = Release|Any CPU
		{0CC5C3A7-8755-41EC-8CD8-AC86D0AD20E4}.Release|Any CPU.Build.0 = Release|Any CPU
		{6D6E9341-5ABD-48C3-997F-EC2E02F9CEB6}.Debug|Any CPU.ActiveCfg = Debug|Any CPU
		{6D6E9341-5ABD-48C3-997F-EC2E02F9CEB6}.Debug|Any CPU.Build.0 = Debug|Any CPU
		{6D6E9341-5ABD-48C3-997F-EC2E02F9CEB6}.Release|Any CPU.ActiveCfg = Release|Any CPU
		{6D6E9341-5ABD-48C3-997F-EC2E02F9CEB6}.Release|Any CPU.Build.0 = Release|Any CPU
	EndGlobalSection
	GlobalSection(SolutionProperties) = preSolution
		HideSolutionNode = FALSE
	EndGlobalSection
	GlobalSection(ExtensibilityGlobals) = postSolution
		SolutionGuid = {700CD523-389A-452C-8B21-0FAE5BCF926E}
	EndGlobalSection
EndGlobal
